{
    "_meta": {
        "hash": {
            "sha256": "a278259026470d78f9aa3747570b979ac5b31539b1550bb024840025a1177622"
        },
        "host-environment-markers": {
            "implementation_name": "cpython",
            "implementation_version": "3.6.1",
            "os_name": "posix",
            "platform_machine": "x86_64",
            "platform_python_implementation": "CPython",
            "platform_release": "4.4.0-112-generic",
            "platform_system": "Linux",
            "platform_version": "#135-Ubuntu SMP Fri Jan 19 11:48:36 UTC 2018",
            "python_full_version": "3.6.1",
            "python_version": "3.6",
            "sys_platform": "linux"
        },
        "pipfile-spec": 6,
        "requires": {},
        "sources": [
            {
                "name": "pypi",
                "url": "https://pypi.python.org/simple",
                "verify_ssl": true
            }
        ]
    },
    "default": {
        "django": {
            "hashes": [
                "sha256:7c8ff92285406fb349e765e9ade685eec7271d6f5c3f918e495a74768b765c99",
                "sha256:dc3b61d054f1bced64628c62025d480f655303aea9f408e5996c339a543b45f0"
            ],
            "version": "==2.0.2"
        },
        "django-cursor-pagination": {
            "hashes": [
                "sha256:51fe7a40420973ab0c31abbbd78a4454756913f0f5af40a5dc80e863d3e11bf9"
            ],
            "version": "==0.1.2"
        },
        "graphene": {
            "hashes": [
                "sha256:698543001858c908c5e3526ddf38ae1d13049c6c1313ec3bb0afad02c81bd242",
                "sha256:0763563fdccb6817311f15d0f0a4d4fe820a46cbe5de022076f95cd99413fd0f"
            ],
            "version": "==2.0.1"
        },
        "graphene-django": {
            "hashes": [
                "sha256:5cabf46b59f242a533fe1df1912c87d5ad6606246937609be2e6c9086cfdf7a4",
                "sha256:70d9358bc48c806b6a9458e8344f0a1211cd1f1ef923a092aa55e6bcacc2c3fc"
            ],
            "version": "==2.0.0"
        },
        "graphql-core": {
            "hashes": [
                "sha256:539355351343dede3ecb771e0d273a1b72405cb6d64f45bb8f92ecc4d7109af0",
                "sha256:4830699be53f9154273fa15726fc8b0c90bc22bbb8fc7c932586503b3cb9330e"
            ],
            "version": "==2.0"
        },
        "graphql-relay": {
            "hashes": [
                "sha256:2716b7245d97091af21abf096fabafac576905096d21ba7118fba722596f65db"
            ],
            "version": "==0.4.5"
        },
        "iso8601": {
            "hashes": [
                "sha256:210e0134677cc0d02f6028087fee1df1e1d76d372ee1db0bf30bf66c5c1c89a3",
                "sha256:bbbae5fb4a7abfe71d4688fd64bff70b91bbd74ef6a99d964bab18f7fdf286dd",
                "sha256:49c4b20e1f38aa5cf109ddcd39647ac419f928512c869dc01d5c7098eddede82"
            ],
            "version": "==0.1.12"
        },
        "promise": {
            "hashes": [
                "sha256:0bca4ed933e3d50e3d18fb54fc1432fa84b0564838cd093e824abcd718ab9304",
                "sha256:95506bac89df7a495e0b8c813fd782dd1ae590decb52f95248e316c6659ca49b"
            ],
            "version": "==2.1"
        },
        "pytz": {
            "hashes": [
                "sha256:ed6509d9af298b7995d69a440e2822288f2eca1681b8cce37673dbb10091e5fe",
                "sha256:f93ddcdd6342f94cea379c73cddb5724e0d6d0a1c91c9bdef364dc0368ba4fda",
                "sha256:61242a9abc626379574a166dc0e96a66cd7c3b27fc10868003fa210be4bff1c9",
                "sha256:ba18e6a243b3625513d85239b3e49055a2f0318466e0b8a92b8fb8ca7ccdf55f",
                "sha256:07edfc3d4d2705a20a6e99d97f0c4b61c800b8232dc1c04d87e8554f130148dd",
                "sha256:3a47ff71597f821cd84a162e71593004286e5be07a340fd462f0d33a760782b5",
                "sha256:5bd55c744e6feaa4d599a6cbd8228b4f8f9ba96de2c38d56f08e534b3c9edf0d",
                "sha256:887ab5e5b32e4d0c86efddd3d055c1f363cbaa583beb8da5e22d2fa2f64d51ef",
                "sha256:410bcd1d6409026fbaa65d9ed33bf6dd8b1e94a499e32168acfc7b332e4095c0"
            ],
            "version": "==2018.3"
        },
        "rx": {
            "hashes": [
                "sha256:ad793d79843feba2ea25c0c01be245f3163d5d469418279d4019737b93d88c78",
                "sha256:84ac6e140f2129266fd4c77a3d0903bbff0a761386079ea0cb99c8524695cac1"
            ],
            "version": "==1.6.0"
        },
        "singledispatch": {
            "hashes": [
                "sha256:833b46966687b3de7f438c761ac475213e53b306740f1abfaa86e1d1aae56aa8",
                "sha256:5b06af87df13818d14f08a028e42f566640aef80805c3b50c5056b086e3c2b9c"
            ],
            "version": "==3.4.0.3"
        },
        "six": {
            "hashes": [
                "sha256:832dc0e10feb1aa2c68dcc57dbb658f1c7e65b9b61af69048abc87a2db00a0eb",
                "sha256:70e8a77beed4562e7f14fe23a786b54f6296e34344c23bc42f07b15018ff98e9"
            ],
            "version": "==1.11.0"
        },
        "typing": {
            "hashes": [
                "sha256:b2c689d54e1144bbcfd191b0832980a21c2dbcf7b5ff7a66248a60c90e951eb8",
                "sha256:3a887b021a77b292e151afb75323dea88a7bc1b3dfa92176cff8e44c8b68bddf",
                "sha256:d400a9344254803a2368533e4533a4200d21eb7b6b729c173bc38201a74db3f2"
            ],
            "version": "==3.6.4"
        }
    },
    "develop": {}
}
